
Microsoft Visual Studio Solution File, Format Version 12.00
# Visual Studio Version 16
VisualStudioVersion = 16.0.30907.101
MinimumVisualStudioVersion = 10.0.40219.1
Project("{FAE04EC0-301F-11D3-BF4B-00C04F79EFBC}") = "SalesWebMVC", "SalesWebMVC\SalesWebMVC.csproj", "{F2FC5EE5-E657-4903-8AF5-13980A1AF086}"
EndProject
Global
	GlobalSection(SolutionConfigurationPlatforms) = preSolution
		Debug|Any CPU = Debug|Any CPU
		Release|Any CPU = Release|Any CPU
	EndGlobalSection
	GlobalSection(ProjectConfigurationPlatforms) = postSolution
		{F2FC5EE5-E657-4903-8AF5-13980A1AF086}.Debug|Any CPU.ActiveCfg = Debug|Any CPU
		{F2FC5EE5-E657-4903-8AF5-13980A1AF086}.Debug|Any CPU.Build.0 = Debug|Any CPU
		{F2FC5EE5-E657-4903-8AF5-13980A1AF086}.Release|Any CPU.ActiveCfg = Release|Any CPU
		{F2FC5EE5-E657-4903-8AF5-13980A1AF086}.Release|Any CPU.Build.0 = Release|Any CPU
	EndGlobalSection
	GlobalSection(SolutionProperties) = preSolution
		HideSolutionNode = FALSE
	EndGlobalSection
	GlobalSection(ExtensibilityGlobals) = postSolution
		SolutionGuid = {0B28F2A1-5D94-41AB-9AA4-27F91E9DAB23}
	EndGlobalSection
EndGlobal
